
Microsoft Visual Studio Solution File, Format Version 12.00
# Visual Studio Version 16
VisualStudioVersion = 16.0.30503.244
MinimumVisualStudioVersion = 10.0.40219.1
Project("{9A19103F-16F7-4668-BE54-9A1E7A4F7556}") = "Task1", "Task1\Task1.csproj", "{94739E97-875C-40E4-AD53-2D2C58966E21}"
EndProject
Project("{9A19103F-16F7-4668-BE54-9A1E7A4F7556}") = "Task1.Tests", "Task1.Tests\Task1.Tests.csproj", "{9DED6919-3A45-4746-A1B6-72AA58736596}"
EndProject
Project("{FAE04EC0-301F-11D3-BF4B-00C04F79EFBC}") = "Task2", "Task2\Task2.csproj", "{FCE69685-4F35-4542-BF3B-4116A830F8EF}"
EndProject
Project("{FAE04EC0-301F-11D3-BF4B-00C04F79EFBC}") = "Task2.Tests", "Task2.Tests\Task2.Tests.csproj", "{62279687-F16D-4F0C-8427-D146FF054F14}"
EndProject
Global
	GlobalSection(SolutionConfigurationPlatforms) = preSolution
		Debug|Any CPU = Debug|Any CPU
		Release|Any CPU = Release|Any CPU
	EndGlobalSection
	GlobalSection(ProjectConfigurationPlatforms) = postSolution
		{94739E97-875C-40E4-AD53-2D2C58966E21}.Debug|Any CPU.ActiveCfg = Debug|Any CPU
		{94739E97-875C-40E4-AD53-2D2C58966E21}.Debug|Any CPU.Build.0 = Debug|Any CPU
		{94739E97-875C-40E4-AD53-2D2C58966E21}.Release|Any CPU.ActiveCfg = Release|Any CPU
		{94739E97-875C-40E4-AD53-2D2C58966E21}.Release|Any CPU.Build.0 = Release|Any CPU
		{9DED6919-3A45-4746-A1B6-72AA58736596}.Debug|Any CPU.ActiveCfg = Debug|Any CPU
		{9DED6919-3A45-4746-A1B6-72AA58736596}.Debug|Any CPU.Build.0 = Debug|Any CPU
		{9DED6919-3A45-4746-A1B6-72AA58736596}.Release|Any CPU.ActiveCfg = Release|Any CPU
		{9DED6919-3A45-4746-A1B6-72AA58736596}.Release|Any CPU.Build.0 = Release|Any CPU
		{FCE69685-4F35-4542-BF3B-4116A830F8EF}.Debug|Any CPU.ActiveCfg = Debug|Any CPU
		{FCE69685-4F35-4542-BF3B-4116A830F8EF}.Debug|Any CPU.Build.0 = Debug|Any CPU
		{FCE69685-4F35-4542-BF3B-4116A830F8EF}.Release|Any CPU.ActiveCfg = Release|Any CPU
		{FCE69685-4F35-4542-BF3B-4116A830F8EF}.Release|Any CPU.Build.0 = Release|Any CPU
		{62279687-F16D-4F0C-8427-D146FF054F14}.Debug|Any CPU.ActiveCfg = Debug|Any CPU
		{62279687-F16D-4F0C-8427-D146FF054F14}.Debug|Any CPU.Build.0 = Debug|Any CPU
		{62279687-F16D-4F0C-8427-D146FF054F14}.Release|Any CPU.ActiveCfg = Release|Any CPU
		{62279687-F16D-4F0C-8427-D146FF054F14}.Release|Any CPU.Build.0 = Release|Any CPU
	EndGlobalSection
	GlobalSection(SolutionProperties) = preSolution
		HideSolutionNode = FALSE
	EndGlobalSection
	GlobalSection(ExtensibilityGlobals) = postSolution
		SolutionGuid = {6F9EECB3-97C9-4091-BFCB-3E792174B83C}
	EndGlobalSection
EndGlobal
